
Microsoft Visual Studio Solution File, Format Version 12.00
# Visual Studio Version 16
VisualStudioVersion = 16.0.31911.196
MinimumVisualStudioVersion = 10.0.40219.1
Project("{FAE04EC0-301F-11D3-BF4B-00C04F79EFBC}") = "LbFiveInterf", "LbFiveInterf\LbFiveInterf.csproj", "{0E599F43-4333-4AEE-9201-8194944CCC99}"
EndProject
Project("{FAE04EC0-301F-11D3-BF4B-00C04F79EFBC}") = "LabThree", "..\LabThree\LabThree\LabThree.csproj", "{C3FB30BA-78DA-470B-A59D-DAA1D4CE878A}"
EndProject
Project("{FAE04EC0-301F-11D3-BF4B-00C04F79EFBC}") = "LabFourSQL", "..\LabFourSQL\LabFourSQL\LabFourSQL.csproj", "{75592EFB-2ECA-479A-AC2D-9730E93684A9}"
EndProject
Global
	GlobalSection(SolutionConfigurationPlatforms) = preSolution
		Debug|Any CPU = Debug|Any CPU
		Release|Any CPU = Release|Any CPU
	EndGlobalSection
	GlobalSection(ProjectConfigurationPlatforms) = postSolution
		{0E599F43-4333-4AEE-9201-8194944CCC99}.Debug|Any CPU.ActiveCfg = Debug|Any CPU
		{0E599F43-4333-4AEE-9201-8194944CCC99}.Debug|Any CPU.Build.0 = Debug|Any CPU
		{0E599F43-4333-4AEE-9201-8194944CCC99}.Release|Any CPU.ActiveCfg = Release|Any CPU
		{0E599F43-4333-4AEE-9201-8194944CCC99}.Release|Any CPU.Build.0 = Release|Any CPU
		{C3FB30BA-78DA-470B-A59D-DAA1D4CE878A}.Debug|Any CPU.ActiveCfg = Debug|Any CPU
		{C3FB30BA-78DA-470B-A59D-DAA1D4CE878A}.Debug|Any CPU.Build.0 = Debug|Any CPU
		{C3FB30BA-78DA-470B-A59D-DAA1D4CE878A}.Release|Any CPU.ActiveCfg = Release|Any CPU
		{C3FB30BA-78DA-470B-A59D-DAA1D4CE878A}.Release|Any CPU.Build.0 = Release|Any CPU
		{75592EFB-2ECA-479A-AC2D-9730E93684A9}.Debug|Any CPU.ActiveCfg = Debug|Any CPU
		{75592EFB-2ECA-479A-AC2D-9730E93684A9}.Debug|Any CPU.Build.0 = Debug|Any CPU
		{75592EFB-2ECA-479A-AC2D-9730E93684A9}.Release|Any CPU.ActiveCfg = Release|Any CPU
		{75592EFB-2ECA-479A-AC2D-9730E93684A9}.Release|Any CPU.Build.0 = Release|Any CPU
	EndGlobalSection
	GlobalSection(SolutionProperties) = preSolution
		HideSolutionNode = FALSE
	EndGlobalSection
	GlobalSection(ExtensibilityGlobals) = postSolution
		SolutionGuid = {AF416DC7-CE87-4ED1-B8C5-9559BEDF5FD0}
	EndGlobalSection
EndGlobal
